
Microsoft Visual Studio Solution File, Format Version 12.00
# Visual Studio 14
VisualStudioVersion = 14.0.25420.1
MinimumVisualStudioVersion = 10.0.40219.1
Project("{FAE04EC0-301F-11D3-BF4B-00C04F79EFBC}") = "SyslogServer", "ConsoleApplication1\SyslogServer.csproj", "{8BDFE894-8357-44A9-B3E2-0D935289D733}"
EndProject
Project("{FAE04EC0-301F-11D3-BF4B-00C04F79EFBC}") = "SyslogClient", "SyslogClient\SyslogClient.csproj", "{0B96B151-8927-4B0F-BEE2-ECCC766F153C}"
EndProject
Project("{FAE04EC0-301F-11D3-BF4B-00C04F79EFBC}") = "CommonContracts", "CommonContracts\CommonContracts.csproj", "{B3E47A6E-A5E3-46A4-8A05-23B5FBA20B8C}"
EndProject
Project("{FAE04EC0-301F-11D3-BF4B-00C04F79EFBC}") = "Clients", "Clients\Clients.csproj", "{3C4841C0-EB73-4E57-B3F6-2FD08A3BE1D1}"
EndProject
Global
	GlobalSection(SolutionConfigurationPlatforms) = preSolution
		Debug|Any CPU = Debug|Any CPU
		Release|Any CPU = Release|Any CPU
	EndGlobalSection
	GlobalSection(ProjectConfigurationPlatforms) = postSolution
		{8BDFE894-8357-44A9-B3E2-0D935289D733}.Debug|Any CPU.ActiveCfg = Debug|Any CPU
		{8BDFE894-8357-44A9-B3E2-0D935289D733}.Debug|Any CPU.Build.0 = Debug|Any CPU
		{8BDFE894-8357-44A9-B3E2-0D935289D733}.Release|Any CPU.ActiveCfg = Release|Any CPU
		{8BDFE894-8357-44A9-B3E2-0D935289D733}.Release|Any CPU.Build.0 = Release|Any CPU
		{0B96B151-8927-4B0F-BEE2-ECCC766F153C}.Debug|Any CPU.ActiveCfg = Debug|Any CPU
		{0B96B151-8927-4B0F-BEE2-ECCC766F153C}.Debug|Any CPU.Build.0 = Debug|Any CPU
		{0B96B151-8927-4B0F-BEE2-ECCC766F153C}.Release|Any CPU.ActiveCfg = Release|Any CPU
		{0B96B151-8927-4B0F-BEE2-ECCC766F153C}.Release|Any CPU.Build.0 = Release|Any CPU
		{B3E47A6E-A5E3-46A4-8A05-23B5FBA20B8C}.Debug|Any CPU.ActiveCfg = Debug|Any CPU
		{B3E47A6E-A5E3-46A4-8A05-23B5FBA20B8C}.Debug|Any CPU.Build.0 = Debug|Any CPU
		{B3E47A6E-A5E3-46A4-8A05-23B5FBA20B8C}.Release|Any CPU.ActiveCfg = Release|Any CPU
		{B3E47A6E-A5E3-46A4-8A05-23B5FBA20B8C}.Release|Any CPU.Build.0 = Release|Any CPU
		{3C4841C0-EB73-4E57-B3F6-2FD08A3BE1D1}.Debug|Any CPU.ActiveCfg = Debug|Any CPU
		{3C4841C0-EB73-4E57-B3F6-2FD08A3BE1D1}.Debug|Any CPU.Build.0 = Debug|Any CPU
		{3C4841C0-EB73-4E57-B3F6-2FD08A3BE1D1}.Release|Any CPU.ActiveCfg = Release|Any CPU
		{3C4841C0-EB73-4E57-B3F6-2FD08A3BE1D1}.Release|Any CPU.Build.0 = Release|Any CPU
	EndGlobalSection
	GlobalSection(SolutionProperties) = preSolution
		HideSolutionNode = FALSE
	EndGlobalSection
EndGlobal
