
Microsoft Visual Studio Solution File, Format Version 12.00
# Visual Studio 14
VisualStudioVersion = 14.0.25420.1
MinimumVisualStudioVersion = 10.0.40219.1
Project("{FAE04EC0-301F-11D3-BF4B-00C04F79EFBC}") = "CMS", "CMS\CMS.csproj", "{645939C3-00D3-486F-9BFC-4F9D562BCA32}"
EndProject
Project("{FAE04EC0-301F-11D3-BF4B-00C04F79EFBC}") = "CMSServer", "CMSServer\CMSServer.csproj", "{182CB538-2D9A-406D-A37E-D719E82671D0}"
EndProject
Global
	GlobalSection(SolutionConfigurationPlatforms) = preSolution
		Debug|Any CPU = Debug|Any CPU
		Release|Any CPU = Release|Any CPU
	EndGlobalSection
	GlobalSection(ProjectConfigurationPlatforms) = postSolution
		{645939C3-00D3-486F-9BFC-4F9D562BCA32}.Debug|Any CPU.ActiveCfg = Debug|Any CPU
		{645939C3-00D3-486F-9BFC-4F9D562BCA32}.Debug|Any CPU.Build.0 = Debug|Any CPU
		{645939C3-00D3-486F-9BFC-4F9D562BCA32}.Release|Any CPU.ActiveCfg = Release|Any CPU
		{645939C3-00D3-486F-9BFC-4F9D562BCA32}.Release|Any CPU.Build.0 = Release|Any CPU
		{182CB538-2D9A-406D-A37E-D719E82671D0}.Debug|Any CPU.ActiveCfg = Debug|Any CPU
		{182CB538-2D9A-406D-A37E-D719E82671D0}.Debug|Any CPU.Build.0 = Debug|Any CPU
		{182CB538-2D9A-406D-A37E-D719E82671D0}.Release|Any CPU.ActiveCfg = Release|Any CPU
		{182CB538-2D9A-406D-A37E-D719E82671D0}.Release|Any CPU.Build.0 = Release|Any CPU
	EndGlobalSection
	GlobalSection(SolutionProperties) = preSolution
		HideSolutionNode = FALSE
	EndGlobalSection
EndGlobal
